
Microsoft Visual Studio Solution File, Format Version 12.00
# Visual Studio Version 16
VisualStudioVersion = 16.0.29215.179
MinimumVisualStudioVersion = 10.0.40219.1
Project("{FAE04EC0-301F-11D3-BF4B-00C04F79EFBC}") = "F2019-420.323-Example-Intro-PartialClasses", "F2019-420.323-Example-Intro-PartialClasses\F2019-420.323-Example-Intro-PartialClasses.csproj", "{2A048EEC-093B-4AF1-997C-651D9D4B5984}"
EndProject
Global
	GlobalSection(SolutionConfigurationPlatforms) = preSolution
		Debug|Any CPU = Debug|Any CPU
		Release|Any CPU = Release|Any CPU
	EndGlobalSection
	GlobalSection(ProjectConfigurationPlatforms) = postSolution
		{2A048EEC-093B-4AF1-997C-651D9D4B5984}.Debug|Any CPU.ActiveCfg = Debug|Any CPU
		{2A048EEC-093B-4AF1-997C-651D9D4B5984}.Debug|Any CPU.Build.0 = Debug|Any CPU
		{2A048EEC-093B-4AF1-997C-651D9D4B5984}.Release|Any CPU.ActiveCfg = Release|Any CPU
		{2A048EEC-093B-4AF1-997C-651D9D4B5984}.Release|Any CPU.Build.0 = Release|Any CPU
	EndGlobalSection
	GlobalSection(SolutionProperties) = preSolution
		HideSolutionNode = FALSE
	EndGlobalSection
	GlobalSection(ExtensibilityGlobals) = postSolution
		SolutionGuid = {33A5DF1D-A0EC-49EA-86DB-BE5EEF606715}
	EndGlobalSection
EndGlobal
